
Microsoft Visual Studio Solution File, Format Version 12.00
# Visual Studio Version 17
VisualStudioVersion = 17.9.34723.18
MinimumVisualStudioVersion = 10.0.40219.1
Project("{FAE04EC0-301F-11D3-BF4B-00C04F79EFBC}") = "Ierarchy_Hometask", "Ierarchy_Hometask\Ierarchy_Hometask.csproj", "{AFBFF643-D6C1-4EF6-99EF-98505A096DDA}"
EndProject
Global
	GlobalSection(SolutionConfigurationPlatforms) = preSolution
		Debug|Any CPU = Debug|Any CPU
		Release|Any CPU = Release|Any CPU
	EndGlobalSection
	GlobalSection(ProjectConfigurationPlatforms) = postSolution
		{AFBFF643-D6C1-4EF6-99EF-98505A096DDA}.Debug|Any CPU.ActiveCfg = Debug|Any CPU
		{AFBFF643-D6C1-4EF6-99EF-98505A096DDA}.Debug|Any CPU.Build.0 = Debug|Any CPU
		{AFBFF643-D6C1-4EF6-99EF-98505A096DDA}.Release|Any CPU.ActiveCfg = Release|Any CPU
		{AFBFF643-D6C1-4EF6-99EF-98505A096DDA}.Release|Any CPU.Build.0 = Release|Any CPU
	EndGlobalSection
	GlobalSection(SolutionProperties) = preSolution
		HideSolutionNode = FALSE
	EndGlobalSection
	GlobalSection(ExtensibilityGlobals) = postSolution
		SolutionGuid = {8EE54CFF-BFCC-4648-9241-873F2E273CB1}
	EndGlobalSection
EndGlobal
